
Microsoft Visual Studio Solution File, Format Version 12.00
# Visual Studio Version 16
VisualStudioVersion = 16.0.30907.101
MinimumVisualStudioVersion = 10.0.40219.1
Project("{FAE04EC0-301F-11D3-BF4B-00C04F79EFBC}") = "Kursovaya", "Kursovaya.csproj", "{4C31039E-E04E-4035-B3C8-929E8A11F9DE}"
EndProject
Global
	GlobalSection(SolutionConfigurationPlatforms) = preSolution
		Debug|Any CPU = Debug|Any CPU
		Release|Any CPU = Release|Any CPU
	EndGlobalSection
	GlobalSection(ProjectConfigurationPlatforms) = postSolution
		{4C31039E-E04E-4035-B3C8-929E8A11F9DE}.Debug|Any CPU.ActiveCfg = Debug|Any CPU
		{4C31039E-E04E-4035-B3C8-929E8A11F9DE}.Debug|Any CPU.Build.0 = Debug|Any CPU
		{4C31039E-E04E-4035-B3C8-929E8A11F9DE}.Release|Any CPU.ActiveCfg = Release|Any CPU
		{4C31039E-E04E-4035-B3C8-929E8A11F9DE}.Release|Any CPU.Build.0 = Release|Any CPU
	EndGlobalSection
	GlobalSection(SolutionProperties) = preSolution
		HideSolutionNode = FALSE
	EndGlobalSection
	GlobalSection(ExtensibilityGlobals) = postSolution
		SolutionGuid = {EEA23573-B750-4ED0-9B07-BB9E4DBFEA91}
	EndGlobalSection
EndGlobal
